// !$*UTF8*$!
{
	archiveVersion = 1;
	classes = {
	};
	objectVersion = 54;
	objects = {

/* Begin PBXBuildFile section */
		BD0E7DB92A55F57E00181929 /* Polar.swift in Sources */ = {isa = PBXBuildFile; fileRef = BD0E7DB82A55F57E00181929 /* Polar.swift */; };
		BD4CAF182210696000DECD93 /* JoyStickViewMonitorTests.swift in Sources */ = {isa = PBXBuildFile; fileRef = BD4CAF172210696000DECD93 /* JoyStickViewMonitorTests.swift */; };
		BDA7F8E8218B1DE400A9AB5B /* Bundle+Additions.swift in Sources */ = {isa = PBXBuildFile; fileRef = BDA7F8E7218B1DE400A9AB5B /* Bundle+Additions.swift */; };
		BDBB51BA220ADE1E00C579B2 /* JoyStickViewMonitor.swift in Sources */ = {isa = PBXBuildFile; fileRef = BDBB51B9220ADE1E00C579B2 /* JoyStickViewMonitor.swift */; };
		BDBB51D4220B0D9900C579B2 /* JoyStickView.framework in Frameworks */ = {isa = PBXBuildFile; fileRef = BDCA4093215A3AEE00578F67 /* JoyStickView.framework */; };
		BDC7F452218A036C00368EF0 /* Assets.xcassets in Resources */ = {isa = PBXBuildFile; fileRef = BDC7F451218A036C00368EF0 /* Assets.xcassets */; };
		BDCA4098215A3AEE00578F67 /* JoyStickView.h in Headers */ = {isa = PBXBuildFile; fileRef = BDCA4096215A3AEE00578F67 /* JoyStickView.h */; settings = {ATTRIBUTES = (Public, ); }; };
		BDCA40A1215A3B3700578F67 /* JoyStickView.swift in Sources */ = {isa = PBXBuildFile; fileRef = BDCA409E215A3B3700578F67 /* JoyStickView.swift */; };
		BDCA40A3215A3B3700578F67 /* CoreGraphics+Additions.swift in Sources */ = {isa = PBXBuildFile; fileRef = BDCA40A0215A3B3700578F67 /* CoreGraphics+Additions.swift */; };
/* End PBXBuildFile section */

/* Begin PBXContainerItemProxy section */
		BDBB51D5220B0D9900C579B2 /* PBXContainerItemProxy */ = {
			isa = PBXContainerItemProxy;
			containerPortal = BDCA408A215A3AED00578F67 /* Project object */;
			proxyType = 1;
			remoteGlobalIDString = BDCA4092215A3AEE00578F67;
			remoteInfo = JoyStickView;
		};
/* End PBXContainerItemProxy section */

/* Begin PBXFileReference section */
		BD0E7DB82A55F57E00181929 /* Polar.swift */ = {isa = PBXFileReference; lastKnownFileType = sourcecode.swift; path = Polar.swift; sourceTree = "<group>"; };
		BD4CAF172210696000DECD93 /* JoyStickViewMonitorTests.swift */ = {isa = PBXFileReference; fileEncoding = 4; lastKnownFileType = sourcecode.swift; path = JoyStickViewMonitorTests.swift; sourceTree = "<group>"; };
		BD75800B215B66F000B787D2 /* Info.plist */ = {isa = PBXFileReference; fileEncoding = 4; lastKnownFileType = text.plist.xml; path = Info.plist; sourceTree = "<group>"; };
		BDA7F8E7218B1DE400A9AB5B /* Bundle+Additions.swift */ = {isa = PBXFileReference; lastKnownFileType = sourcecode.swift; path = "Bundle+Additions.swift"; sourceTree = "<group>"; };
		BDBB51B9220ADE1E00C579B2 /* JoyStickViewMonitor.swift */ = {isa = PBXFileReference; lastKnownFileType = sourcecode.swift; path = JoyStickViewMonitor.swift; sourceTree = "<group>"; };
		BDBB51CF220B0D9900C579B2 /* JoyStickViewTests.xctest */ = {isa = PBXFileReference; explicitFileType = wrapper.cfbundle; includeInIndex = 0; path = JoyStickViewTests.xctest; sourceTree = BUILT_PRODUCTS_DIR; };
		BDBB51D3220B0D9900C579B2 /* Info.plist */ = {isa = PBXFileReference; lastKnownFileType = text.plist.xml; path = Info.plist; sourceTree = "<group>"; };
		BDC7F451218A036C00368EF0 /* Assets.xcassets */ = {isa = PBXFileReference; lastKnownFileType = folder.assetcatalog; path = Assets.xcassets; sourceTree = "<group>"; };
		BDCA4093215A3AEE00578F67 /* JoyStickView.framework */ = {isa = PBXFileReference; explicitFileType = wrapper.framework; includeInIndex = 0; path = JoyStickView.framework; sourceTree = BUILT_PRODUCTS_DIR; };
		BDCA4096215A3AEE00578F67 /* JoyStickView.h */ = {isa = PBXFileReference; lastKnownFileType = sourcecode.c.h; path = JoyStickView.h; sourceTree = "<group>"; };
		BDCA409E215A3B3700578F67 /* JoyStickView.swift */ = {isa = PBXFileReference; fileEncoding = 4; lastKnownFileType = sourcecode.swift; path = JoyStickView.swift; sourceTree = "<group>"; };
		BDCA40A0215A3B3700578F67 /* CoreGraphics+Additions.swift */ = {isa = PBXFileReference; fileEncoding = 4; lastKnownFileType = sourcecode.swift; path = "CoreGraphics+Additions.swift"; sourceTree = "<group>"; };
/* End PBXFileReference section */

/* Begin PBXFrameworksBuildPhase section */
		BDBB51CC220B0D9900C579B2 /* Frameworks */ = {
			isa = PBXFrameworksBuildPhase;
			buildActionMask = 2147483647;
			files = (
				BDBB51D4220B0D9900C579B2 /* JoyStickView.framework in Frameworks */,
			);
			runOnlyForDeploymentPostprocessing = 0;
		};
		BDCA4090215A3AEE00578F67 /* Frameworks */ = {
			isa = PBXFrameworksBuildPhase;
			buildActionMask = 2147483647;
			files = (
			);
			runOnlyForDeploymentPostprocessing = 0;
		};
/* End PBXFrameworksBuildPhase section */

/* Begin PBXGroup section */
		BD758008215B66F000B787D2 /* Resources */ = {
			isa = PBXGroup;
			children = (
				BDC7F451218A036C00368EF0 /* Assets.xcassets */,
				BD75800B215B66F000B787D2 /* Info.plist */,
			);
			name = Resources;
			path = Sources/JoyStickView/Resources;
			sourceTree = "<group>";
		};
		BDBB51D0220B0D9900C579B2 /* Tests */ = {
			isa = PBXGroup;
			children = (
				BD4CAF172210696000DECD93 /* JoyStickViewMonitorTests.swift */,
				BDBB51D3220B0D9900C579B2 /* Info.plist */,
			);
			name = Tests;
			path = Tests/JoyStickViewTests;
			sourceTree = "<group>";
		};
		BDCA4089215A3AED00578F67 = {
			isa = PBXGroup;
			children = (
				BDCA4095215A3AEE00578F67 /* Sources */,
				BD758008215B66F000B787D2 /* Resources */,
				BDBB51D0220B0D9900C579B2 /* Tests */,
				BDCA4094215A3AEE00578F67 /* Products */,
			);
			sourceTree = "<group>";
		};
		BDCA4094215A3AEE00578F67 /* Products */ = {
			isa = PBXGroup;
			children = (
				BDCA4093215A3AEE00578F67 /* JoyStickView.framework */,
				BDBB51CF220B0D9900C579B2 /* JoyStickViewTests.xctest */,
			);
			name = Products;
			sourceTree = "<group>";
		};
		BDCA4095215A3AEE00578F67 /* Sources */ = {
			isa = PBXGroup;
			children = (
				BDCA409E215A3B3700578F67 /* JoyStickView.swift */,
				BDBB51B9220ADE1E00C579B2 /* JoyStickViewMonitor.swift */,
				BDA7F8E7218B1DE400A9AB5B /* Bundle+Additions.swift */,
				BDCA40A0215A3B3700578F67 /* CoreGraphics+Additions.swift */,
				BD0E7DB82A55F57E00181929 /* Polar.swift */,
				BDCA4096215A3AEE00578F67 /* JoyStickView.h */,
			);
			name = Sources;
			path = Sources/JoyStickView;
			sourceTree = "<group>";
		};
/* End PBXGroup section */

/* Begin PBXHeadersBuildPhase section */
		BDCA408E215A3AEE00578F67 /* Headers */ = {
			isa = PBXHeadersBuildPhase;
			buildActionMask = 2147483647;
			files = (
				BDCA4098215A3AEE00578F67 /* JoyStickView.h in Headers */,
			);
			runOnlyForDeploymentPostprocessing = 0;
		};
/* End PBXHeadersBuildPhase section */

/* Begin PBXNativeTarget section */
		BDBB51CE220B0D9900C579B2 /* JoyStickViewTests */ = {
			isa = PBXNativeTarget;
			buildConfigurationList = BDBB51D7220B0D9900C579B2 /* Build configuration list for PBXNativeTarget "JoyStickViewTests" */;
			buildPhases = (
				BDBB51CB220B0D9900C579B2 /* Sources */,
				BDBB51CC220B0D9900C579B2 /* Frameworks */,
				BDBB51CD220B0D9900C579B2 /* Resources */,
			);
			buildRules = (
			);
			dependencies = (
				BDBB51D6220B0D9900C579B2 /* PBXTargetDependency */,
			);
			name = JoyStickViewTests;
			productName = JoyStickViewTests;
			productReference = BDBB51CF220B0D9900C579B2 /* JoyStickViewTests.xctest */;
			productType = "com.apple.product-type.bundle.unit-test";
		};
		BDCA4092215A3AEE00578F67 /* JoyStickView */ = {
			isa = PBXNativeTarget;
			buildConfigurationList = BDCA409B215A3AEE00578F67 /* Build configuration list for PBXNativeTarget "JoyStickView" */;
			buildPhases = (
				BDCA408E215A3AEE00578F67 /* Headers */,
				BD54923226D6DA14004AB015 /* Swiftlint */,
				BDCA408F215A3AEE00578F67 /* Sources */,
				BDCA4090215A3AEE00578F67 /* Frameworks */,
				BDCA4091215A3AEE00578F67 /* Resources */,
			);
			buildRules = (
			);
			dependencies = (
			);
			name = JoyStickView;
			productName = JoyStickView;
			productReference = BDCA4093215A3AEE00578F67 /* JoyStickView.framework */;
			productType = "com.apple.product-type.framework";
		};
/* End PBXNativeTarget section */

/* Begin PBXProject section */
		BDCA408A215A3AED00578F67 /* Project object */ = {
			isa = PBXProject;
			attributes = {
				BuildIndependentTargetsInParallel = YES;
				LastSwiftUpdateCheck = 1010;
				LastUpgradeCheck = 1430;
				ORGANIZATIONNAME = "Brad Howes";
				TargetAttributes = {
					BDBB51CE220B0D9900C579B2 = {
						CreatedOnToolsVersion = 10.1;
						LastSwiftMigration = 1020;
					};
					BDCA4092215A3AEE00578F67 = {
						CreatedOnToolsVersion = 10.0;
						LastSwiftMigration = 1020;
					};
				};
			};
			buildConfigurationList = BDCA408D215A3AED00578F67 /* Build configuration list for PBXProject "JoyStickView" */;
			compatibilityVersion = "Xcode 9.3";
			developmentRegion = en;
			hasScannedForEncodings = 0;
			knownRegions = (
				en,
				Base,
			);
			mainGroup = BDCA4089215A3AED00578F67;
			productRefGroup = BDCA4094215A3AEE00578F67 /* Products */;
			projectDirPath = "";
			projectRoot = "";
			targets = (
				BDCA4092215A3AEE00578F67 /* JoyStickView */,
				BDBB51CE220B0D9900C579B2 /* JoyStickViewTests */,
			);
		};
/* End PBXProject section */

/* Begin PBXResourcesBuildPhase section */
		BDBB51CD220B0D9900C579B2 /* Resources */ = {
			isa = PBXResourcesBuildPhase;
			buildActionMask = 2147483647;
			files = (
			);
			runOnlyForDeploymentPostprocessing = 0;
		};
		BDCA4091215A3AEE00578F67 /* Resources */ = {
			isa = PBXResourcesBuildPhase;
			buildActionMask = 2147483647;
			files = (
				BDC7F452218A036C00368EF0 /* Assets.xcassets in Resources */,
			);
			runOnlyForDeploymentPostprocessing = 0;
		};
/* End PBXResourcesBuildPhase section */

/* Begin PBXShellScriptBuildPhase section */
		BD54923226D6DA14004AB015 /* Swiftlint */ = {
			isa = PBXShellScriptBuildPhase;
			alwaysOutOfDate = 1;
			buildActionMask = 2147483647;
			files = (
			);
			inputFileListPaths = (
			);
			inputPaths = (
			);
			name = Swiftlint;
			outputFileListPaths = (
			);
			outputPaths = (
			);
			runOnlyForDeploymentPostprocessing = 0;
			shellPath = /bin/sh;
			shellScript = "export PATH=\"$PATH:/opt/homebrew/bin\"\n\nif which swiftlint > /dev/null; then\n  swiftlint\nelse\n  echo \"warning: SwiftLint not installed, download from https://github.com/realm/SwiftLint\"\nfi\n";
		};
/* End PBXShellScriptBuildPhase section */

/* Begin PBXSourcesBuildPhase section */
		BDBB51CB220B0D9900C579B2 /* Sources */ = {
			isa = PBXSourcesBuildPhase;
			buildActionMask = 2147483647;
			files = (
				BD4CAF182210696000DECD93 /* JoyStickViewMonitorTests.swift in Sources */,
			);
			runOnlyForDeploymentPostprocessing = 0;
		};
		BDCA408F215A3AEE00578F67 /* Sources */ = {
			isa = PBXSourcesBuildPhase;
			buildActionMask = 2147483647;
			files = (
				BDCA40A1215A3B3700578F67 /* JoyStickView.swift in Sources */,
				BDCA40A3215A3B3700578F67 /* CoreGraphics+Additions.swift in Sources */,
				BD0E7DB92A55F57E00181929 /* Polar.swift in Sources */,
				BDA7F8E8218B1DE400A9AB5B /* Bundle+Additions.swift in Sources */,
				BDBB51BA220ADE1E00C579B2 /* JoyStickViewMonitor.swift in Sources */,
			);
			runOnlyForDeploymentPostprocessing = 0;
		};
/* End PBXSourcesBuildPhase section */

/* Begin PBXTargetDependency section */
		BDBB51D6220B0D9900C579B2 /* PBXTargetDependency */ = {
			isa = PBXTargetDependency;
			target = BDCA4092215A3AEE00578F67 /* JoyStickView */;
			targetProxy = BDBB51D5220B0D9900C579B2 /* PBXContainerItemProxy */;
		};
/* End PBXTargetDependency section */

/* Begin XCBuildConfiguration section */
		BDBB51D8220B0D9900C579B2 /* Debug */ = {
			isa = XCBuildConfiguration;
			buildSettings = {
				CODE_SIGN_STYLE = Automatic;
				DEVELOPMENT_TEAM = UP6SS5ES7E;
				INFOPLIST_FILE = Tests/JoyStickViewTests/Info.plist;
				IPHONEOS_DEPLOYMENT_TARGET = 12.1;
				LD_RUNPATH_SEARCH_PATHS = (
					"$(inherited)",
					"@executable_path/Frameworks",
					"@loader_path/Frameworks",
				);
				PRODUCT_BUNDLE_IDENTIFIER = com.braysoft.JoyStickViewTests;
				PRODUCT_NAME = "$(TARGET_NAME)";
				SWIFT_VERSION = 5.0;
				TARGETED_DEVICE_FAMILY = "1,2";
			};
			name = Debug;
		};
		BDBB51D9220B0D9900C579B2 /* Release */ = {
			isa = XCBuildConfiguration;
			buildSettings = {
				CODE_SIGN_STYLE = Automatic;
				DEVELOPMENT_TEAM = UP6SS5ES7E;
				INFOPLIST_FILE = Tests/JoyStickViewTests/Info.plist;
				IPHONEOS_DEPLOYMENT_TARGET = 12.1;
				LD_RUNPATH_SEARCH_PATHS = (
					"$(inherited)",
					"@executable_path/Frameworks",
					"@loader_path/Frameworks",
				);
				PRODUCT_BUNDLE_IDENTIFIER = com.braysoft.JoyStickViewTests;
				PRODUCT_NAME = "$(TARGET_NAME)";
				SWIFT_VERSION = 5.0;
				TARGETED_DEVICE_FAMILY = "1,2";
			};
			name = Release;
		};
		BDCA4099215A3AEE00578F67 /* Debug */ = {
			isa = XCBuildConfiguration;
			buildSettings = {
				ALWAYS_SEARCH_USER_PATHS = NO;
				CLANG_ANALYZER_NONNULL = YES;
				CLANG_ANALYZER_NUMBER_OBJECT_CONVERSION = YES_AGGRESSIVE;
				CLANG_CXX_LANGUAGE_STANDARD = "gnu++14";
				CLANG_CXX_LIBRARY = "libc++";
				CLANG_ENABLE_MODULES = YES;
				CLANG_ENABLE_OBJC_ARC = YES;
				CLANG_ENABLE_OBJC_WEAK = YES;
				CLANG_WARN_BLOCK_CAPTURE_AUTORELEASING = YES;
				CLANG_WARN_BOOL_CONVERSION = YES;
				CLANG_WARN_COMMA = YES;
				CLANG_WARN_CONSTANT_CONVERSION = YES;
				CLANG_WARN_DEPRECATED_OBJC_IMPLEMENTATIONS = YES;
				CLANG_WARN_DIRECT_OBJC_ISA_USAGE = YES_ERROR;
				CLANG_WARN_DOCUMENTATION_COMMENTS = YES;
				CLANG_WARN_EMPTY_BODY = YES;
				CLANG_WARN_ENUM_CONVERSION = YES;
				CLANG_WARN_INFINITE_RECURSION = YES;
				CLANG_WARN_INT_CONVERSION = YES;
				CLANG_WARN_NON_LITERAL_NULL_CONVERSION = YES;
				CLANG_WARN_OBJC_IMPLICIT_RETAIN_SELF = YES;
				CLANG_WARN_OBJC_LITERAL_CONVERSION = YES;
				CLANG_WARN_OBJC_ROOT_CLASS = YES_ERROR;
				CLANG_WARN_QUOTED_INCLUDE_IN_FRAMEWORK_HEADER = YES;
				CLANG_WARN_RANGE_LOOP_ANALYSIS = YES;
				CLANG_WARN_STRICT_PROTOTYPES = YES;
				CLANG_WARN_SUSPICIOUS_MOVE = YES;
				CLANG_WARN_UNGUARDED_AVAILABILITY = YES_AGGRESSIVE;
				CLANG_WARN_UNREACHABLE_CODE = YES;
				CLANG_WARN__DUPLICATE_METHOD_MATCH = YES;
				CODE_SIGN_IDENTITY = "iPhone Developer";
				COPY_PHASE_STRIP = NO;
				CURRENT_PROJECT_VERSION = 20200820203630;
				DEBUG_INFORMATION_FORMAT = dwarf;
				ENABLE_STRICT_OBJC_MSGSEND = YES;
				ENABLE_TESTABILITY = YES;
				GCC_C_LANGUAGE_STANDARD = gnu11;
				GCC_DYNAMIC_NO_PIC = NO;
				GCC_NO_COMMON_BLOCKS = YES;
				GCC_OPTIMIZATION_LEVEL = 0;
				GCC_PREPROCESSOR_DEFINITIONS = (
					"DEBUG=1",
					"$(inherited)",
				);
				GCC_WARN_64_TO_32_BIT_CONVERSION = YES;
				GCC_WARN_ABOUT_RETURN_TYPE = YES_ERROR;
				GCC_WARN_UNDECLARED_SELECTOR = YES;
				GCC_WARN_UNINITIALIZED_AUTOS = YES_AGGRESSIVE;
				GCC_WARN_UNUSED_FUNCTION = YES;
				GCC_WARN_UNUSED_VARIABLE = YES;
				IPHONEOS_DEPLOYMENT_TARGET = 12.0;
				MTL_ENABLE_DEBUG_INFO = INCLUDE_SOURCE;
				MTL_FAST_MATH = YES;
				ONLY_ACTIVE_ARCH = YES;
				SDKROOT = iphoneos;
				SWIFT_ACTIVE_COMPILATION_CONDITIONS = DEBUG;
				SWIFT_OPTIMIZATION_LEVEL = "-Onone";
				VERSIONING_SYSTEM = "apple-generic";
				VERSION_INFO_PREFIX = "";
			};
			name = Debug;
		};
		BDCA409A215A3AEE00578F67 /* Release */ = {
			isa = XCBuildConfiguration;
			buildSettings = {
				ALWAYS_SEARCH_USER_PATHS = NO;
				CLANG_ANALYZER_NONNULL = YES;
				CLANG_ANALYZER_NUMBER_OBJECT_CONVERSION = YES_AGGRESSIVE;
				CLANG_CXX_LANGUAGE_STANDARD = "gnu++14";
				CLANG_CXX_LIBRARY = "libc++";
				CLANG_ENABLE_MODULES = YES;
				CLANG_ENABLE_OBJC_ARC = YES;
				CLANG_ENABLE_OBJC_WEAK = YES;
				CLANG_WARN_BLOCK_CAPTURE_AUTORELEASING = YES;
				CLANG_WARN_BOOL_CONVERSION = YES;
				CLANG_WARN_COMMA = YES;
				CLANG_WARN_CONSTANT_CONVERSION = YES;
				CLANG_WARN_DEPRECATED_OBJC_IMPLEMENTATIONS = YES;
				CLANG_WARN_DIRECT_OBJC_ISA_USAGE = YES_ERROR;
				CLANG_WARN_DOCUMENTATION_COMMENTS = YES;
				CLANG_WARN_EMPTY_BODY = YES;
				CLANG_WARN_ENUM_CONVERSION = YES;
				CLANG_WARN_INFINITE_RECURSION = YES;
				CLANG_WARN_INT_CONVERSION = YES;
				CLANG_WARN_NON_LITERAL_NULL_CONVERSION = YES;
				CLANG_WARN_OBJC_IMPLICIT_RETAIN_SELF = YES;
				CLANG_WARN_OBJC_LITERAL_CONVERSION = YES;
				CLANG_WARN_OBJC_ROOT_CLASS = YES_ERROR;
				CLANG_WARN_QUOTED_INCLUDE_IN_FRAMEWORK_HEADER = YES;
				CLANG_WARN_RANGE_LOOP_ANALYSIS = YES;
				CLANG_WARN_STRICT_PROTOTYPES = YES;
				CLANG_WARN_SUSPICIOUS_MOVE = YES;
				CLANG_WARN_UNGUARDED_AVAILABILITY = YES_AGGRESSIVE;
				CLANG_WARN_UNREACHABLE_CODE = YES;
				CLANG_WARN__DUPLICATE_METHOD_MATCH = YES;
				CODE_SIGN_IDENTITY = "iPhone Developer";
				COPY_PHASE_STRIP = NO;
				CURRENT_PROJECT_VERSION = 20200820203630;
				DEBUG_INFORMATION_FORMAT = "dwarf-with-dsym";
				ENABLE_NS_ASSERTIONS = NO;
				ENABLE_STRICT_OBJC_MSGSEND = YES;
				GCC_C_LANGUAGE_STANDARD = gnu11;
				GCC_NO_COMMON_BLOCKS = YES;
				GCC_WARN_64_TO_32_BIT_CONVERSION = YES;
				GCC_WARN_ABOUT_RETURN_TYPE = YES_ERROR;
				GCC_WARN_UNDECLARED_SELECTOR = YES;
				GCC_WARN_UNINITIALIZED_AUTOS = YES_AGGRESSIVE;
				GCC_WARN_UNUSED_FUNCTION = YES;
				GCC_WARN_UNUSED_VARIABLE = YES;
				IPHONEOS_DEPLOYMENT_TARGET = 12.0;
				MTL_ENABLE_DEBUG_INFO = NO;
				MTL_FAST_MATH = YES;
				SDKROOT = iphoneos;
				SWIFT_COMPILATION_MODE = wholemodule;
				SWIFT_OPTIMIZATION_LEVEL = "-O";
				VALIDATE_PRODUCT = YES;
				VERSIONING_SYSTEM = "apple-generic";
				VERSION_INFO_PREFIX = "";
			};
			name = Release;
		};
		BDCA409C215A3AEE00578F67 /* Debug */ = {
			isa = XCBuildConfiguration;
			buildSettings = {
				CLANG_ENABLE_MODULES = YES;
				CODE_SIGN_IDENTITY = "";
				CODE_SIGN_STYLE = Automatic;
				DEFINES_MODULE = YES;
				DEVELOPMENT_TEAM = UP6SS5ES7E;
				DYLIB_COMPATIBILITY_VERSION = 1;
				DYLIB_CURRENT_VERSION = 1;
				DYLIB_INSTALL_NAME_BASE = "@rpath";
				ENABLE_MODULE_VERIFIER = YES;
				INFOPLIST_FILE = "$(SRCROOT)/Sources/JoyStickView/Resources/Info.plist";
				INSTALL_PATH = "$(LOCAL_LIBRARY_DIR)/Frameworks";
				IPHONEOS_DEPLOYMENT_TARGET = 12.0;
				LD_RUNPATH_SEARCH_PATHS = (
					"$(inherited)",
					"@executable_path/Frameworks",
					"@loader_path/Frameworks",
				);
				MARKETING_VERSION = 3.2.0;
				MODULE_VERIFIER_SUPPORTED_LANGUAGES = "objective-c objective-c++";
				MODULE_VERIFIER_SUPPORTED_LANGUAGE_STANDARDS = "gnu11 gnu++14";
				PRODUCT_BUNDLE_IDENTIFIER = com.braysoft.JoyStickView;
				PRODUCT_NAME = "$(TARGET_NAME:c99extidentifier)";
				PROVISIONING_PROFILE_SPECIFIER = "";
				SKIP_INSTALL = YES;
				SUPPORTS_MACCATALYST = NO;
				SWIFT_OPTIMIZATION_LEVEL = "-Onone";
				SWIFT_VERSION = 5.0;
				TARGETED_DEVICE_FAMILY = "1,2";
			};
			name = Debug;
		};
		BDCA409D215A3AEE00578F67 /* Release */ = {
			isa = XCBuildConfiguration;
			buildSettings = {
				CLANG_ENABLE_MODULES = YES;
				CODE_SIGN_IDENTITY = "";
				CODE_SIGN_STYLE = Automatic;
				DEFINES_MODULE = YES;
				DEVELOPMENT_TEAM = UP6SS5ES7E;
				DYLIB_COMPATIBILITY_VERSION = 1;
				DYLIB_CURRENT_VERSION = 1;
				DYLIB_INSTALL_NAME_BASE = "@rpath";
				ENABLE_MODULE_VERIFIER = YES;
				INFOPLIST_FILE = "$(SRCROOT)/Sources/JoyStickView/Resources/Info.plist";
				INSTALL_PATH = "$(LOCAL_LIBRARY_DIR)/Frameworks";
				IPHONEOS_DEPLOYMENT_TARGET = 12.0;
				LD_RUNPATH_SEARCH_PATHS = (
					"$(inherited)",
					"@executable_path/Frameworks",
					"@loader_path/Frameworks",
				);
				MARKETING_VERSION = 3.2.0;
				MODULE_VERIFIER_SUPPORTED_LANGUAGES = "objective-c objective-c++";
				MODULE_VERIFIER_SUPPORTED_LANGUAGE_STANDARDS = "gnu11 gnu++14";
				PRODUCT_BUNDLE_IDENTIFIER = com.braysoft.JoyStickView;
				PRODUCT_NAME = "$(TARGET_NAME:c99extidentifier)";
				PROVISIONING_PROFILE_SPECIFIER = "";
				SKIP_INSTALL = YES;
				SUPPORTS_MACCATALYST = NO;
				SWIFT_VERSION = 5.0;
				TARGETED_DEVICE_FAMILY = "1,2";
			};
			name = Release;
		};
/* End XCBuildConfiguration section */

/* Begin XCConfigurationList section */
		BDBB51D7220B0D9900C579B2 /* Build configuration list for PBXNativeTarget "JoyStickViewTests" */ = {
			isa = XCConfigurationList;
			buildConfigurations = (
				BDBB51D8220B0D9900C579B2 /* Debug */,
				BDBB51D9220B0D9900C579B2 /* Release */,
			);
			defaultConfigurationIsVisible = 0;
			defaultConfigurationName = Release;
		};
		BDCA408D215A3AED00578F67 /* Build configuration list for PBXProject "JoyStickView" */ = {
			isa = XCConfigurationList;
			buildConfigurations = (
				BDCA4099215A3AEE00578F67 /* Debug */,
				BDCA409A215A3AEE00578F67 /* Release */,
			);
			defaultConfigurationIsVisible = 0;
			defaultConfigurationName = Release;
		};
		BDCA409B215A3AEE00578F67 /* Build configuration list for PBXNativeTarget "JoyStickView" */ = {
			isa = XCConfigurationList;
			buildConfigurations = (
				BDCA409C215A3AEE00578F67 /* Debug */,
				BDCA409D215A3AEE00578F67 /* Release */,
			);
			defaultConfigurationIsVisible = 0;
			defaultConfigurationName = Release;
		};
/* End XCConfigurationList section */
	};
	rootObject = BDCA408A215A3AED00578F67 /* Project object */;
}
