// !$*UTF8*$!
{
	archiveVersion = 1;
	classes = {
	};
	objectVersion = 50;
	objects = {

/* Begin PBXBuildFile section */
		BD521B0A218737D5001C607E /* JoyStickView_AppUITests.swift in Sources */ = {isa = PBXBuildFile; fileRef = BD521B09218737D5001C607E /* JoyStickView_AppUITests.swift */; };
		BD521B17218756BC001C607E /* JoyStickView.framework in Frameworks */ = {isa = PBXBuildFile; fileRef = BD521B132187538C001C607E /* JoyStickView.framework */; };
		BD521B1821875798001C607E /* JoyStickView.framework in Frameworks */ = {isa = PBXBuildFile; fileRef = BD521B132187538C001C607E /* JoyStickView.framework */; };
		BD521B1921875798001C607E /* JoyStickView.framework in Embed Frameworks */ = {isa = PBXBuildFile; fileRef = BD521B132187538C001C607E /* JoyStickView.framework */; settings = {ATTRIBUTES = (CodeSignOnCopy, RemoveHeadersOnCopy, ); }; };
		BD6DDB77255DAD0900292E8A /* Assets.xcassets in Resources */ = {isa = PBXBuildFile; fileRef = BD6DDB76255DAD0900292E8A /* Assets.xcassets */; };
		BD758018215B67E600B787D2 /* Assets.xcassets in Resources */ = {isa = PBXBuildFile; fileRef = BD758011215B67E600B787D2 /* Assets.xcassets */; };
		BD75801A215B67E600B787D2 /* LaunchScreen.storyboard in Resources */ = {isa = PBXBuildFile; fileRef = BD758013215B67E600B787D2 /* LaunchScreen.storyboard */; };
		BD75801B215B67E600B787D2 /* Main.storyboard in Resources */ = {isa = PBXBuildFile; fileRef = BD758015215B67E600B787D2 /* Main.storyboard */; };
		BDCA40B3215A427100578F67 /* AppDelegate.swift in Sources */ = {isa = PBXBuildFile; fileRef = BDCA40B2215A427100578F67 /* AppDelegate.swift */; };
		BDCA40B5215A427100578F67 /* ViewController.swift in Sources */ = {isa = PBXBuildFile; fileRef = BDCA40B4215A427100578F67 /* ViewController.swift */; };
/* End PBXBuildFile section */

/* Begin PBXContainerItemProxy section */
		BD521B0C218737D5001C607E /* PBXContainerItemProxy */ = {
			isa = PBXContainerItemProxy;
			containerPortal = BDCA40A7215A427100578F67 /* Project object */;
			proxyType = 1;
			remoteGlobalIDString = BDCA40AE215A427100578F67;
			remoteInfo = "JoyStickView App";
		};
/* End PBXContainerItemProxy section */

/* Begin PBXCopyFilesBuildPhase section */
		BD521B1A21875798001C607E /* Embed Frameworks */ = {
			isa = PBXCopyFilesBuildPhase;
			buildActionMask = 2147483647;
			dstPath = "";
			dstSubfolderSpec = 10;
			files = (
				BD521B1921875798001C607E /* JoyStickView.framework in Embed Frameworks */,
			);
			name = "Embed Frameworks";
			runOnlyForDeploymentPostprocessing = 0;
		};
/* End PBXCopyFilesBuildPhase section */

/* Begin PBXFileReference section */
		BD521B07218737D5001C607E /* JoyStickView AppUITests.xctest */ = {isa = PBXFileReference; explicitFileType = wrapper.cfbundle; includeInIndex = 0; path = "JoyStickView AppUITests.xctest"; sourceTree = BUILT_PRODUCTS_DIR; };
		BD521B09218737D5001C607E /* JoyStickView_AppUITests.swift */ = {isa = PBXFileReference; lastKnownFileType = sourcecode.swift; path = JoyStickView_AppUITests.swift; sourceTree = "<group>"; };
		BD521B0B218737D5001C607E /* Info.plist */ = {isa = PBXFileReference; lastKnownFileType = text.plist.xml; path = Info.plist; sourceTree = "<group>"; };
		BD521B132187538C001C607E /* JoyStickView.framework */ = {isa = PBXFileReference; explicitFileType = wrapper.framework; path = JoyStickView.framework; sourceTree = BUILT_PRODUCTS_DIR; };
		BD6DDB76255DAD0900292E8A /* Assets.xcassets */ = {isa = PBXFileReference; lastKnownFileType = folder.assetcatalog; path = Assets.xcassets; sourceTree = "<group>"; };
		BD758011215B67E600B787D2 /* Assets.xcassets */ = {isa = PBXFileReference; lastKnownFileType = folder.assetcatalog; path = Assets.xcassets; sourceTree = "<group>"; };
		BD758012215B67E600B787D2 /* CustomBase.opacity */ = {isa = PBXFileReference; lastKnownFileType = file; path = CustomBase.opacity; sourceTree = "<group>"; };
		BD758014215B67E600B787D2 /* Base */ = {isa = PBXFileReference; lastKnownFileType = file.storyboard; name = Base; path = Base.lproj/LaunchScreen.storyboard; sourceTree = "<group>"; };
		BD758016215B67E600B787D2 /* Base */ = {isa = PBXFileReference; lastKnownFileType = file.storyboard; name = Base; path = Base.lproj/Main.storyboard; sourceTree = "<group>"; };
		BD758017215B67E600B787D2 /* Info.plist */ = {isa = PBXFileReference; fileEncoding = 4; lastKnownFileType = text.plist.xml; path = Info.plist; sourceTree = "<group>"; };
		BDCA40AF215A427100578F67 /* JoyStickView App.app */ = {isa = PBXFileReference; explicitFileType = wrapper.application; includeInIndex = 0; path = "JoyStickView App.app"; sourceTree = BUILT_PRODUCTS_DIR; };
		BDCA40B2215A427100578F67 /* AppDelegate.swift */ = {isa = PBXFileReference; lastKnownFileType = sourcecode.swift; path = AppDelegate.swift; sourceTree = "<group>"; };
		BDCA40B4215A427100578F67 /* ViewController.swift */ = {isa = PBXFileReference; lastKnownFileType = sourcecode.swift; path = ViewController.swift; sourceTree = "<group>"; };
		BDF27543255EFD88001F23CF /* PointedBase.opacity */ = {isa = PBXFileReference; lastKnownFileType = file; path = PointedBase.opacity; sourceTree = "<group>"; };
		BDF27544255EFD88001F23CF /* DefaultBase.opacity */ = {isa = PBXFileReference; lastKnownFileType = file; path = DefaultBase.opacity; sourceTree = "<group>"; };
		BDF27545255EFD88001F23CF /* DefaultHandle.opacity */ = {isa = PBXFileReference; lastKnownFileType = file; path = DefaultHandle.opacity; sourceTree = "<group>"; };
		BDF27546255EFD88001F23CF /* UnpointedBase.opacity */ = {isa = PBXFileReference; lastKnownFileType = file; path = UnpointedBase.opacity; sourceTree = "<group>"; };
		BDF27547255EFD88001F23CF /* CustomHandle.opacity */ = {isa = PBXFileReference; lastKnownFileType = file; path = CustomHandle.opacity; sourceTree = "<group>"; };
/* End PBXFileReference section */

/* Begin PBXFrameworksBuildPhase section */
		BD521B04218737D5001C607E /* Frameworks */ = {
			isa = PBXFrameworksBuildPhase;
			buildActionMask = 2147483647;
			files = (
				BD521B17218756BC001C607E /* JoyStickView.framework in Frameworks */,
			);
			runOnlyForDeploymentPostprocessing = 0;
		};
		BDCA40AC215A427100578F67 /* Frameworks */ = {
			isa = PBXFrameworksBuildPhase;
			buildActionMask = 2147483647;
			files = (
				BD521B1821875798001C607E /* JoyStickView.framework in Frameworks */,
			);
			runOnlyForDeploymentPostprocessing = 0;
		};
/* End PBXFrameworksBuildPhase section */

/* Begin PBXGroup section */
		BD521B08218737D5001C607E /* JoyStickView AppUITests */ = {
			isa = PBXGroup;
			children = (
				BD521B09218737D5001C607E /* JoyStickView_AppUITests.swift */,
				BD521B0B218737D5001C607E /* Info.plist */,
			);
			path = "JoyStickView AppUITests";
			sourceTree = "<group>";
		};
		BD758010215B67E600B787D2 /* Resources */ = {
			isa = PBXGroup;
			children = (
				BD6DDB76255DAD0900292E8A /* Assets.xcassets */,
				BDF27547255EFD88001F23CF /* CustomHandle.opacity */,
				BDF27544255EFD88001F23CF /* DefaultBase.opacity */,
				BDF27545255EFD88001F23CF /* DefaultHandle.opacity */,
				BDF27543255EFD88001F23CF /* PointedBase.opacity */,
				BDF27546255EFD88001F23CF /* UnpointedBase.opacity */,
				BD758012215B67E600B787D2 /* CustomBase.opacity */,
				BD758017215B67E600B787D2 /* Info.plist */,
			);
			path = Resources;
			sourceTree = "<group>";
		};
		BDCA40A6215A427100578F67 = {
			isa = PBXGroup;
			children = (
				BD758011215B67E600B787D2 /* Assets.xcassets */,
				BDCA40B1215A427100578F67 /* Src */,
				BD758010215B67E600B787D2 /* Resources */,
				BD521B08218737D5001C607E /* JoyStickView AppUITests */,
				BDCA40B0215A427100578F67 /* Products */,
				BDCA40C4215A44E900578F67 /* Frameworks */,
			);
			sourceTree = "<group>";
		};
		BDCA40B0215A427100578F67 /* Products */ = {
			isa = PBXGroup;
			children = (
				BDCA40AF215A427100578F67 /* JoyStickView App.app */,
				BD521B07218737D5001C607E /* JoyStickView AppUITests.xctest */,
			);
			name = Products;
			sourceTree = "<group>";
		};
		BDCA40B1215A427100578F67 /* Src */ = {
			isa = PBXGroup;
			children = (
				BDCA40B2215A427100578F67 /* AppDelegate.swift */,
				BDCA40B4215A427100578F67 /* ViewController.swift */,
				BD758015215B67E600B787D2 /* Main.storyboard */,
				BD758013215B67E600B787D2 /* LaunchScreen.storyboard */,
			);
			path = Src;
			sourceTree = "<group>";
		};
		BDCA40C4215A44E900578F67 /* Frameworks */ = {
			isa = PBXGroup;
			children = (
				BD521B132187538C001C607E /* JoyStickView.framework */,
			);
			name = Frameworks;
			sourceTree = "<group>";
		};
/* End PBXGroup section */

/* Begin PBXNativeTarget section */
		BD521B06218737D5001C607E /* JoyStickView AppUITests */ = {
			isa = PBXNativeTarget;
			buildConfigurationList = BD521B10218737D5001C607E /* Build configuration list for PBXNativeTarget "JoyStickView AppUITests" */;
			buildPhases = (
				BD521B03218737D5001C607E /* Sources */,
				BD521B04218737D5001C607E /* Frameworks */,
				BD521B05218737D5001C607E /* Resources */,
			);
			buildRules = (
			);
			dependencies = (
				BD521B0D218737D5001C607E /* PBXTargetDependency */,
			);
			name = "JoyStickView AppUITests";
			productName = "JoyStickView AppUITests";
			productReference = BD521B07218737D5001C607E /* JoyStickView AppUITests.xctest */;
			productType = "com.apple.product-type.bundle.ui-testing";
		};
		BDCA40AE215A427100578F67 /* JoyStickView App */ = {
			isa = PBXNativeTarget;
			buildConfigurationList = BDCA40C1215A427200578F67 /* Build configuration list for PBXNativeTarget "JoyStickView App" */;
			buildPhases = (
				BDCA40AB215A427100578F67 /* Sources */,
				BDCA40AC215A427100578F67 /* Frameworks */,
				BDCA40AD215A427100578F67 /* Resources */,
				BD521B1A21875798001C607E /* Embed Frameworks */,
			);
			buildRules = (
			);
			dependencies = (
			);
			name = "JoyStickView App";
			productName = JoyStickViewApp;
			productReference = BDCA40AF215A427100578F67 /* JoyStickView App.app */;
			productType = "com.apple.product-type.application";
		};
/* End PBXNativeTarget section */

/* Begin PBXProject section */
		BDCA40A7215A427100578F67 /* Project object */ = {
			isa = PBXProject;
			attributes = {
				LastSwiftUpdateCheck = 1000;
				LastUpgradeCheck = 1210;
				ORGANIZATIONNAME = "Brad Howes";
				TargetAttributes = {
					BD521B06218737D5001C607E = {
						CreatedOnToolsVersion = 10.0;
						LastSwiftMigration = 1020;
						TestTargetID = BDCA40AE215A427100578F67;
					};
					BDCA40AE215A427100578F67 = {
						CreatedOnToolsVersion = 10.0;
						LastSwiftMigration = 1020;
					};
				};
			};
			buildConfigurationList = BDCA40AA215A427100578F67 /* Build configuration list for PBXProject "JoyStickView App" */;
			compatibilityVersion = "Xcode 9.3";
			developmentRegion = en;
			hasScannedForEncodings = 0;
			knownRegions = (
				en,
				Base,
			);
			mainGroup = BDCA40A6215A427100578F67;
			productRefGroup = BDCA40B0215A427100578F67 /* Products */;
			projectDirPath = "";
			projectRoot = "";
			targets = (
				BDCA40AE215A427100578F67 /* JoyStickView App */,
				BD521B06218737D5001C607E /* JoyStickView AppUITests */,
			);
		};
/* End PBXProject section */

/* Begin PBXResourcesBuildPhase section */
		BD521B05218737D5001C607E /* Resources */ = {
			isa = PBXResourcesBuildPhase;
			buildActionMask = 2147483647;
			files = (
			);
			runOnlyForDeploymentPostprocessing = 0;
		};
		BDCA40AD215A427100578F67 /* Resources */ = {
			isa = PBXResourcesBuildPhase;
			buildActionMask = 2147483647;
			files = (
				BD75801B215B67E600B787D2 /* Main.storyboard in Resources */,
				BD75801A215B67E600B787D2 /* LaunchScreen.storyboard in Resources */,
				BD6DDB77255DAD0900292E8A /* Assets.xcassets in Resources */,
				BD758018215B67E600B787D2 /* Assets.xcassets in Resources */,
			);
			runOnlyForDeploymentPostprocessing = 0;
		};
/* End PBXResourcesBuildPhase section */

/* Begin PBXSourcesBuildPhase section */
		BD521B03218737D5001C607E /* Sources */ = {
			isa = PBXSourcesBuildPhase;
			buildActionMask = 2147483647;
			files = (
				BD521B0A218737D5001C607E /* JoyStickView_AppUITests.swift in Sources */,
			);
			runOnlyForDeploymentPostprocessing = 0;
		};
		BDCA40AB215A427100578F67 /* Sources */ = {
			isa = PBXSourcesBuildPhase;
			buildActionMask = 2147483647;
			files = (
				BDCA40B5215A427100578F67 /* ViewController.swift in Sources */,
				BDCA40B3215A427100578F67 /* AppDelegate.swift in Sources */,
			);
			runOnlyForDeploymentPostprocessing = 0;
		};
/* End PBXSourcesBuildPhase section */

/* Begin PBXTargetDependency section */
		BD521B0D218737D5001C607E /* PBXTargetDependency */ = {
			isa = PBXTargetDependency;
			target = BDCA40AE215A427100578F67 /* JoyStickView App */;
			targetProxy = BD521B0C218737D5001C607E /* PBXContainerItemProxy */;
		};
/* End PBXTargetDependency section */

/* Begin PBXVariantGroup section */
		BD758013215B67E600B787D2 /* LaunchScreen.storyboard */ = {
			isa = PBXVariantGroup;
			children = (
				BD758014215B67E600B787D2 /* Base */,
			);
			name = LaunchScreen.storyboard;
			sourceTree = "<group>";
		};
		BD758015215B67E600B787D2 /* Main.storyboard */ = {
			isa = PBXVariantGroup;
			children = (
				BD758016215B67E600B787D2 /* Base */,
			);
			name = Main.storyboard;
			sourceTree = "<group>";
		};
/* End PBXVariantGroup section */

/* Begin XCBuildConfiguration section */
		BD521B0E218737D5001C607E /* Debug */ = {
			isa = XCBuildConfiguration;
			buildSettings = {
				ALWAYS_EMBED_SWIFT_STANDARD_LIBRARIES = YES;
				CODE_SIGN_STYLE = Automatic;
				DEVELOPMENT_TEAM = UP6SS5ES7E;
				INFOPLIST_FILE = "JoyStickView AppUITests/Info.plist";
				LD_RUNPATH_SEARCH_PATHS = (
					"$(inherited)",
					"@executable_path/Frameworks",
					"@loader_path/Frameworks",
				);
				PRODUCT_BUNDLE_IDENTIFIER = "com.braysoft.JoyStickView-AppUITests";
				PRODUCT_NAME = "$(TARGET_NAME)";
				PROVISIONING_PROFILE = "";
				SWIFT_VERSION = 5.0;
				TARGETED_DEVICE_FAMILY = "1,2";
				TEST_TARGET_NAME = "JoyStickView App";
			};
			name = Debug;
		};
		BD521B0F218737D5001C607E /* Release */ = {
			isa = XCBuildConfiguration;
			buildSettings = {
				ALWAYS_EMBED_SWIFT_STANDARD_LIBRARIES = YES;
				CODE_SIGN_STYLE = Automatic;
				DEVELOPMENT_TEAM = UP6SS5ES7E;
				INFOPLIST_FILE = "JoyStickView AppUITests/Info.plist";
				LD_RUNPATH_SEARCH_PATHS = (
					"$(inherited)",
					"@executable_path/Frameworks",
					"@loader_path/Frameworks",
				);
				PRODUCT_BUNDLE_IDENTIFIER = "com.braysoft.JoyStickView-AppUITests";
				PRODUCT_NAME = "$(TARGET_NAME)";
				PROVISIONING_PROFILE = "";
				SWIFT_VERSION = 5.0;
				TARGETED_DEVICE_FAMILY = "1,2";
				TEST_TARGET_NAME = "JoyStickView App";
			};
			name = Release;
		};
		BDCA40BF215A427200578F67 /* Debug */ = {
			isa = XCBuildConfiguration;
			buildSettings = {
				ALWAYS_SEARCH_USER_PATHS = NO;
				CLANG_ANALYZER_NONNULL = YES;
				CLANG_ANALYZER_NUMBER_OBJECT_CONVERSION = YES_AGGRESSIVE;
				CLANG_CXX_LANGUAGE_STANDARD = "gnu++14";
				CLANG_CXX_LIBRARY = "libc++";
				CLANG_ENABLE_MODULES = YES;
				CLANG_ENABLE_OBJC_ARC = YES;
				CLANG_ENABLE_OBJC_WEAK = YES;
				CLANG_WARN_BLOCK_CAPTURE_AUTORELEASING = YES;
				CLANG_WARN_BOOL_CONVERSION = YES;
				CLANG_WARN_COMMA = YES;
				CLANG_WARN_CONSTANT_CONVERSION = YES;
				CLANG_WARN_DEPRECATED_OBJC_IMPLEMENTATIONS = YES;
				CLANG_WARN_DIRECT_OBJC_ISA_USAGE = YES_ERROR;
				CLANG_WARN_DOCUMENTATION_COMMENTS = YES;
				CLANG_WARN_EMPTY_BODY = YES;
				CLANG_WARN_ENUM_CONVERSION = YES;
				CLANG_WARN_INFINITE_RECURSION = YES;
				CLANG_WARN_INT_CONVERSION = YES;
				CLANG_WARN_NON_LITERAL_NULL_CONVERSION = YES;
				CLANG_WARN_OBJC_IMPLICIT_RETAIN_SELF = YES;
				CLANG_WARN_OBJC_LITERAL_CONVERSION = YES;
				CLANG_WARN_OBJC_ROOT_CLASS = YES_ERROR;
				CLANG_WARN_QUOTED_INCLUDE_IN_FRAMEWORK_HEADER = YES;
				CLANG_WARN_RANGE_LOOP_ANALYSIS = YES;
				CLANG_WARN_STRICT_PROTOTYPES = YES;
				CLANG_WARN_SUSPICIOUS_MOVE = YES;
				CLANG_WARN_UNGUARDED_AVAILABILITY = YES_AGGRESSIVE;
				CLANG_WARN_UNREACHABLE_CODE = YES;
				CLANG_WARN__DUPLICATE_METHOD_MATCH = YES;
				CODE_SIGN_IDENTITY = "iPhone Developer";
				COPY_PHASE_STRIP = NO;
				DEBUG_INFORMATION_FORMAT = dwarf;
				ENABLE_STRICT_OBJC_MSGSEND = YES;
				ENABLE_TESTABILITY = YES;
				GCC_C_LANGUAGE_STANDARD = gnu11;
				GCC_DYNAMIC_NO_PIC = NO;
				GCC_NO_COMMON_BLOCKS = YES;
				GCC_OPTIMIZATION_LEVEL = 0;
				GCC_PREPROCESSOR_DEFINITIONS = (
					"DEBUG=1",
					"$(inherited)",
				);
				GCC_WARN_64_TO_32_BIT_CONVERSION = YES;
				GCC_WARN_ABOUT_RETURN_TYPE = YES_ERROR;
				GCC_WARN_UNDECLARED_SELECTOR = YES;
				GCC_WARN_UNINITIALIZED_AUTOS = YES_AGGRESSIVE;
				GCC_WARN_UNUSED_FUNCTION = YES;
				GCC_WARN_UNUSED_VARIABLE = YES;
				IPHONEOS_DEPLOYMENT_TARGET = 12.0;
				MTL_ENABLE_DEBUG_INFO = INCLUDE_SOURCE;
				MTL_FAST_MATH = YES;
				ONLY_ACTIVE_ARCH = YES;
				SDKROOT = iphoneos;
				SWIFT_ACTIVE_COMPILATION_CONDITIONS = DEBUG;
				SWIFT_OPTIMIZATION_LEVEL = "-Onone";
				SWIFT_VERSION = 4.2;
				VERSIONING_SYSTEM = "apple-generic";
			};
			name = Debug;
		};
		BDCA40C0215A427200578F67 /* Release */ = {
			isa = XCBuildConfiguration;
			buildSettings = {
				ALWAYS_SEARCH_USER_PATHS = NO;
				CLANG_ANALYZER_NONNULL = YES;
				CLANG_ANALYZER_NUMBER_OBJECT_CONVERSION = YES_AGGRESSIVE;
				CLANG_CXX_LANGUAGE_STANDARD = "gnu++14";
				CLANG_CXX_LIBRARY = "libc++";
				CLANG_ENABLE_MODULES = YES;
				CLANG_ENABLE_OBJC_ARC = YES;
				CLANG_ENABLE_OBJC_WEAK = YES;
				CLANG_WARN_BLOCK_CAPTURE_AUTORELEASING = YES;
				CLANG_WARN_BOOL_CONVERSION = YES;
				CLANG_WARN_COMMA = YES;
				CLANG_WARN_CONSTANT_CONVERSION = YES;
				CLANG_WARN_DEPRECATED_OBJC_IMPLEMENTATIONS = YES;
				CLANG_WARN_DIRECT_OBJC_ISA_USAGE = YES_ERROR;
				CLANG_WARN_DOCUMENTATION_COMMENTS = YES;
				CLANG_WARN_EMPTY_BODY = YES;
				CLANG_WARN_ENUM_CONVERSION = YES;
				CLANG_WARN_INFINITE_RECURSION = YES;
				CLANG_WARN_INT_CONVERSION = YES;
				CLANG_WARN_NON_LITERAL_NULL_CONVERSION = YES;
				CLANG_WARN_OBJC_IMPLICIT_RETAIN_SELF = YES;
				CLANG_WARN_OBJC_LITERAL_CONVERSION = YES;
				CLANG_WARN_OBJC_ROOT_CLASS = YES_ERROR;
				CLANG_WARN_QUOTED_INCLUDE_IN_FRAMEWORK_HEADER = YES;
				CLANG_WARN_RANGE_LOOP_ANALYSIS = YES;
				CLANG_WARN_STRICT_PROTOTYPES = YES;
				CLANG_WARN_SUSPICIOUS_MOVE = YES;
				CLANG_WARN_UNGUARDED_AVAILABILITY = YES_AGGRESSIVE;
				CLANG_WARN_UNREACHABLE_CODE = YES;
				CLANG_WARN__DUPLICATE_METHOD_MATCH = YES;
				CODE_SIGN_IDENTITY = "iPhone Developer";
				COPY_PHASE_STRIP = NO;
				DEBUG_INFORMATION_FORMAT = "dwarf-with-dsym";
				ENABLE_NS_ASSERTIONS = NO;
				ENABLE_STRICT_OBJC_MSGSEND = YES;
				GCC_C_LANGUAGE_STANDARD = gnu11;
				GCC_NO_COMMON_BLOCKS = YES;
				GCC_WARN_64_TO_32_BIT_CONVERSION = YES;
				GCC_WARN_ABOUT_RETURN_TYPE = YES_ERROR;
				GCC_WARN_UNDECLARED_SELECTOR = YES;
				GCC_WARN_UNINITIALIZED_AUTOS = YES_AGGRESSIVE;
				GCC_WARN_UNUSED_FUNCTION = YES;
				GCC_WARN_UNUSED_VARIABLE = YES;
				IPHONEOS_DEPLOYMENT_TARGET = 12.0;
				MTL_ENABLE_DEBUG_INFO = NO;
				MTL_FAST_MATH = YES;
				SDKROOT = iphoneos;
				SWIFT_COMPILATION_MODE = wholemodule;
				SWIFT_OPTIMIZATION_LEVEL = "-O";
				SWIFT_VERSION = 4.2;
				VALIDATE_PRODUCT = YES;
				VERSIONING_SYSTEM = "apple-generic";
			};
			name = Release;
		};
		BDCA40C2215A427200578F67 /* Debug */ = {
			isa = XCBuildConfiguration;
			buildSettings = {
				ALWAYS_EMBED_SWIFT_STANDARD_LIBRARIES = YES;
				ASSETCATALOG_COMPILER_APPICON_NAME = AppIcon;
				CODE_SIGN_IDENTITY = "iPhone Developer";
				CODE_SIGN_STYLE = Automatic;
				CURRENT_PROJECT_VERSION = 20200820203630;
				DEVELOPMENT_TEAM = UP6SS5ES7E;
				INFOPLIST_FILE = "$(SRCROOT)/Resources/Info.plist";
				LD_RUNPATH_SEARCH_PATHS = (
					"$(inherited)",
					"@executable_path/Frameworks",
				);
				MARKETING_VERSION = 3.0.1;
				PRODUCT_BUNDLE_IDENTIFIER = com.braysoft.JoyStickViewApp;
				PRODUCT_NAME = "$(TARGET_NAME)";
				PROVISIONING_PROFILE_SPECIFIER = "";
				SWIFT_VERSION = 5.0;
				TARGETED_DEVICE_FAMILY = "1,2";
			};
			name = Debug;
		};
		BDCA40C3215A427200578F67 /* Release */ = {
			isa = XCBuildConfiguration;
			buildSettings = {
				ALWAYS_EMBED_SWIFT_STANDARD_LIBRARIES = YES;
				ASSETCATALOG_COMPILER_APPICON_NAME = AppIcon;
				CODE_SIGN_IDENTITY = "iPhone Developer";
				CODE_SIGN_STYLE = Automatic;
				CURRENT_PROJECT_VERSION = 20200820203630;
				DEVELOPMENT_TEAM = UP6SS5ES7E;
				INFOPLIST_FILE = "$(SRCROOT)/Resources/Info.plist";
				LD_RUNPATH_SEARCH_PATHS = (
					"$(inherited)",
					"@executable_path/Frameworks",
				);
				MARKETING_VERSION = 3.0.1;
				PRODUCT_BUNDLE_IDENTIFIER = com.braysoft.JoyStickViewApp;
				PRODUCT_NAME = "$(TARGET_NAME)";
				PROVISIONING_PROFILE_SPECIFIER = "";
				SWIFT_VERSION = 5.0;
				TARGETED_DEVICE_FAMILY = "1,2";
			};
			name = Release;
		};
/* End XCBuildConfiguration section */

/* Begin XCConfigurationList section */
		BD521B10218737D5001C607E /* Build configuration list for PBXNativeTarget "JoyStickView AppUITests" */ = {
			isa = XCConfigurationList;
			buildConfigurations = (
				BD521B0E218737D5001C607E /* Debug */,
				BD521B0F218737D5001C607E /* Release */,
			);
			defaultConfigurationIsVisible = 0;
			defaultConfigurationName = Release;
		};
		BDCA40AA215A427100578F67 /* Build configuration list for PBXProject "JoyStickView App" */ = {
			isa = XCConfigurationList;
			buildConfigurations = (
				BDCA40BF215A427200578F67 /* Debug */,
				BDCA40C0215A427200578F67 /* Release */,
			);
			defaultConfigurationIsVisible = 0;
			defaultConfigurationName = Release;
		};
		BDCA40C1215A427200578F67 /* Build configuration list for PBXNativeTarget "JoyStickView App" */ = {
			isa = XCConfigurationList;
			buildConfigurations = (
				BDCA40C2215A427200578F67 /* Debug */,
				BDCA40C3215A427200578F67 /* Release */,
			);
			defaultConfigurationIsVisible = 0;
			defaultConfigurationName = Release;
		};
/* End XCConfigurationList section */
	};
	rootObject = BDCA40A7215A427100578F67 /* Project object */;
}
